// !$*UTF8*$!
{
	archiveVersion = 1;
	classes = {
	};
	objectVersion = 46;
	objects = {

/* Begin PBXBuildFile section */
		30D1C675183DD41F00E71EDD /* MapGraphTests.m in Sources */ = {isa = PBXBuildFile; fileRef = 30D1C674183DD41F00E71EDD /* MapGraphTests.m */; };
		30E3740B18403EAB00996B60 /* MapViewController.m in Sources */ = {isa = PBXBuildFile; fileRef = 30E3740A18403EAB00996B60 /* MapViewController.m */; };
		30E3740D18408BCC00996B60 /* MapViewControllerTests.m in Sources */ = {isa = PBXBuildFile; fileRef = 30E3740C18408BCC00996B60 /* MapViewControllerTests.m */; };
		30E374161858464500996B60 /* PriorityQueue.m in Sources */ = {isa = PBXBuildFile; fileRef = 30E374151858464500996B60 /* PriorityQueue.m */; };
		30E50252183607E100BCDA41 /* Foundation.framework in Frameworks */ = {isa = PBXBuildFile; fileRef = 30E50251183607E100BCDA41 /* Foundation.framework */; };
		30E50254183607E100BCDA41 /* CoreGraphics.framework in Frameworks */ = {isa = PBXBuildFile; fileRef = 30E50253183607E100BCDA41 /* CoreGraphics.framework */; };
		30E50256183607E100BCDA41 /* UIKit.framework in Frameworks */ = {isa = PBXBuildFile; fileRef = 30E50255183607E100BCDA41 /* UIKit.framework */; };
		30E50258183607E100BCDA41 /* CoreData.framework in Frameworks */ = {isa = PBXBuildFile; fileRef = 30E50257183607E100BCDA41 /* CoreData.framework */; };
		30E5025E183607E100BCDA41 /* InfoPlist.strings in Resources */ = {isa = PBXBuildFile; fileRef = 30E5025C183607E100BCDA41 /* InfoPlist.strings */; };
		30E50260183607E100BCDA41 /* main.m in Sources */ = {isa = PBXBuildFile; fileRef = 30E5025F183607E100BCDA41 /* main.m */; };
		30E50264183607E100BCDA41 /* AppDelegate.m in Sources */ = {isa = PBXBuildFile; fileRef = 30E50263183607E100BCDA41 /* AppDelegate.m */; };
		30E50267183607E100BCDA41 /* Adler_Navigation.xcdatamodeld in Sources */ = {isa = PBXBuildFile; fileRef = 30E50265183607E100BCDA41 /* Adler_Navigation.xcdatamodeld */; };
		30E50269183607E100BCDA41 /* Images.xcassets in Resources */ = {isa = PBXBuildFile; fileRef = 30E50268183607E100BCDA41 /* Images.xcassets */; };
		30E50270183607E100BCDA41 /* XCTest.framework in Frameworks */ = {isa = PBXBuildFile; fileRef = 30E5026F183607E100BCDA41 /* XCTest.framework */; };
		30E50271183607E100BCDA41 /* Foundation.framework in Frameworks */ = {isa = PBXBuildFile; fileRef = 30E50251183607E100BCDA41 /* Foundation.framework */; };
		30E50272183607E100BCDA41 /* UIKit.framework in Frameworks */ = {isa = PBXBuildFile; fileRef = 30E50255183607E100BCDA41 /* UIKit.framework */; };
		30E50273183607E100BCDA41 /* CoreData.framework in Frameworks */ = {isa = PBXBuildFile; fileRef = 30E50257183607E100BCDA41 /* CoreData.framework */; };
		30E5027B183607E100BCDA41 /* InfoPlist.strings in Resources */ = {isa = PBXBuildFile; fileRef = 30E50279183607E100BCDA41 /* InfoPlist.strings */; };
		30E5027D183607E100BCDA41 /* Adler_NavigationTests.m in Sources */ = {isa = PBXBuildFile; fileRef = 30E5027C183607E100BCDA41 /* Adler_NavigationTests.m */; };
		30E502891836084000BCDA41 /* Node.m in Sources */ = {isa = PBXBuildFile; fileRef = 30E502881836084000BCDA41 /* Node.m */; };
		30E502921836222000BCDA41 /* Edge.m in Sources */ = {isa = PBXBuildFile; fileRef = 30E502911836222000BCDA41 /* Edge.m */; };
		30E502951836263100BCDA41 /* MapGraph.m in Sources */ = {isa = PBXBuildFile; fileRef = 30E502941836263100BCDA41 /* MapGraph.m */; };
		725F0C5F18D663D9003D8FD5 /* (null) in Sources */ = {isa = PBXBuildFile; };
		725F0C6118D6B485003D8FD5 /* PriorityQueueTests.m in Sources */ = {isa = PBXBuildFile; fileRef = 725F0C6018D6B485003D8FD5 /* PriorityQueueTests.m */; };
		727A228518F092ED005DF50E /* Exhibit.m in Sources */ = {isa = PBXBuildFile; fileRef = 727A228418F092ED005DF50E /* Exhibit.m */; };
		72DF6DB418F0BECD00B7B6F6 /* img0.jpg in Resources */ = {isa = PBXBuildFile; fileRef = 72DF6D7F18F0BECD00B7B6F6 /* img0.jpg */; };
		72DF6DB518F0BECD00B7B6F6 /* long_description.txt in Resources */ = {isa = PBXBuildFile; fileRef = 72DF6D8018F0BECD00B7B6F6 /* long_description.txt */; };
		72DF6DB618F0BECD00B7B6F6 /* short_description.txt in Resources */ = {isa = PBXBuildFile; fileRef = 72DF6D8118F0BECD00B7B6F6 /* short_description.txt */; };
		72DF6DB718F0BECD00B7B6F6 /* img0.jpg in Resources */ = {isa = PBXBuildFile; fileRef = 72DF6D8318F0BECD00B7B6F6 /* img0.jpg */; };
		72DF6DB818F0BECD00B7B6F6 /* long_description.txt in Resources */ = {isa = PBXBuildFile; fileRef = 72DF6D8418F0BECD00B7B6F6 /* long_description.txt */; };
		72DF6DB918F0BECD00B7B6F6 /* short_description.txt in Resources */ = {isa = PBXBuildFile; fileRef = 72DF6D8518F0BECD00B7B6F6 /* short_description.txt */; };
		72DF6DBA18F0BECD00B7B6F6 /* img0.jpg in Resources */ = {isa = PBXBuildFile; fileRef = 72DF6D8718F0BECD00B7B6F6 /* img0.jpg */; };
		72DF6DBB18F0BECD00B7B6F6 /* long_description.txt in Resources */ = {isa = PBXBuildFile; fileRef = 72DF6D8818F0BECD00B7B6F6 /* long_description.txt */; };
		72DF6DBC18F0BECD00B7B6F6 /* short_description.txt in Resources */ = {isa = PBXBuildFile; fileRef = 72DF6D8918F0BECD00B7B6F6 /* short_description.txt */; };
		72DF6DBD18F0BECD00B7B6F6 /* img0.jpg in Resources */ = {isa = PBXBuildFile; fileRef = 72DF6D8B18F0BECD00B7B6F6 /* img0.jpg */; };
		72DF6DBE18F0BECD00B7B6F6 /* long_description.txt in Resources */ = {isa = PBXBuildFile; fileRef = 72DF6D8C18F0BECD00B7B6F6 /* long_description.txt */; };
		72DF6DBF18F0BECD00B7B6F6 /* short_description.txt in Resources */ = {isa = PBXBuildFile; fileRef = 72DF6D8D18F0BECD00B7B6F6 /* short_description.txt */; };
		72DF6DC018F0BECD00B7B6F6 /* img0.png in Resources */ = {isa = PBXBuildFile; fileRef = 72DF6D8F18F0BECD00B7B6F6 /* img0.png */; };
		72DF6DC118F0BECD00B7B6F6 /* long_description.txt in Resources */ = {isa = PBXBuildFile; fileRef = 72DF6D9018F0BECD00B7B6F6 /* long_description.txt */; };
		72DF6DC218F0BECD00B7B6F6 /* short_description.txt in Resources */ = {isa = PBXBuildFile; fileRef = 72DF6D9118F0BECD00B7B6F6 /* short_description.txt */; };
		72DF6DC318F0BECD00B7B6F6 /* img0.png in Resources */ = {isa = PBXBuildFile; fileRef = 72DF6D9318F0BECD00B7B6F6 /* img0.png */; };
		72DF6DC418F0BECD00B7B6F6 /* img1.jpg in Resources */ = {isa = PBXBuildFile; fileRef = 72DF6D9418F0BECD00B7B6F6 /* img1.jpg */; };
		72DF6DC518F0BECD00B7B6F6 /* img2.jpg in Resources */ = {isa = PBXBuildFile; fileRef = 72DF6D9518F0BECD00B7B6F6 /* img2.jpg */; };
		72DF6DC618F0BECD00B7B6F6 /* img3.jpg in Resources */ = {isa = PBXBuildFile; fileRef = 72DF6D9618F0BECD00B7B6F6 /* img3.jpg */; };
		72DF6DC718F0BECD00B7B6F6 /* img4.jpg in Resources */ = {isa = PBXBuildFile; fileRef = 72DF6D9718F0BECD00B7B6F6 /* img4.jpg */; };
		72DF6DC818F0BECD00B7B6F6 /* img5.jpg in Resources */ = {isa = PBXBuildFile; fileRef = 72DF6D9818F0BECD00B7B6F6 /* img5.jpg */; };
		72DF6DC918F0BECD00B7B6F6 /* img6.jpg in Resources */ = {isa = PBXBuildFile; fileRef = 72DF6D9918F0BECD00B7B6F6 /* img6.jpg */; };
		72DF6DCA18F0BECD00B7B6F6 /* long_description.txt in Resources */ = {isa = PBXBuildFile; fileRef = 72DF6D9A18F0BECD00B7B6F6 /* long_description.txt */; };
		72DF6DCB18F0BECD00B7B6F6 /* short_description.txt in Resources */ = {isa = PBXBuildFile; fileRef = 72DF6D9B18F0BECD00B7B6F6 /* short_description.txt */; };
		72DF6DCC18F0BECD00B7B6F6 /* img0.png in Resources */ = {isa = PBXBuildFile; fileRef = 72DF6D9D18F0BECD00B7B6F6 /* img0.png */; };
		72DF6DCD18F0BECD00B7B6F6 /* long_description.txt in Resources */ = {isa = PBXBuildFile; fileRef = 72DF6D9E18F0BECD00B7B6F6 /* long_description.txt */; };
		72DF6DCE18F0BECD00B7B6F6 /* short_description.txt in Resources */ = {isa = PBXBuildFile; fileRef = 72DF6D9F18F0BECD00B7B6F6 /* short_description.txt */; };
		72DF6DCF18F0BECD00B7B6F6 /* img0.png in Resources */ = {isa = PBXBuildFile; fileRef = 72DF6DA118F0BECD00B7B6F6 /* img0.png */; };
		72DF6DD018F0BECD00B7B6F6 /* long_description.txt in Resources */ = {isa = PBXBuildFile; fileRef = 72DF6DA218F0BECD00B7B6F6 /* long_description.txt */; };
		72DF6DD118F0BECD00B7B6F6 /* short_description.txt in Resources */ = {isa = PBXBuildFile; fileRef = 72DF6DA318F0BECD00B7B6F6 /* short_description.txt */; };
		72DF6DD218F0BECD00B7B6F6 /* img0.jpg in Resources */ = {isa = PBXBuildFile; fileRef = 72DF6DA518F0BECD00B7B6F6 /* img0.jpg */; };
		72DF6DD318F0BECD00B7B6F6 /* img1.jpg in Resources */ = {isa = PBXBuildFile; fileRef = 72DF6DA618F0BECD00B7B6F6 /* img1.jpg */; };
		72DF6DD418F0BECD00B7B6F6 /* img2.jpg in Resources */ = {isa = PBXBuildFile; fileRef = 72DF6DA718F0BECD00B7B6F6 /* img2.jpg */; };
		72DF6DD518F0BECD00B7B6F6 /* img3.jpg in Resources */ = {isa = PBXBuildFile; fileRef = 72DF6DA818F0BECD00B7B6F6 /* img3.jpg */; };
		72DF6DD618F0BECD00B7B6F6 /* img4.jpg in Resources */ = {isa = PBXBuildFile; fileRef = 72DF6DA918F0BECD00B7B6F6 /* img4.jpg */; };
		72DF6DD718F0BECD00B7B6F6 /* long_description.txt in Resources */ = {isa = PBXBuildFile; fileRef = 72DF6DAA18F0BECD00B7B6F6 /* long_description.txt */; };
		72DF6DD818F0BECD00B7B6F6 /* short_description.txt in Resources */ = {isa = PBXBuildFile; fileRef = 72DF6DAB18F0BECD00B7B6F6 /* short_description.txt */; };
		72DF6DD918F0BECD00B7B6F6 /* img0.png in Resources */ = {isa = PBXBuildFile; fileRef = 72DF6DAD18F0BECD00B7B6F6 /* img0.png */; };
		72DF6DDA18F0BECD00B7B6F6 /* long_description.txt in Resources */ = {isa = PBXBuildFile; fileRef = 72DF6DAE18F0BECD00B7B6F6 /* long_description.txt */; };
		72DF6DDB18F0BECD00B7B6F6 /* short_description.txt in Resources */ = {isa = PBXBuildFile; fileRef = 72DF6DAF18F0BECD00B7B6F6 /* short_description.txt */; };
		72DF6DDC18F0BECD00B7B6F6 /* img0.png in Resources */ = {isa = PBXBuildFile; fileRef = 72DF6DB118F0BECD00B7B6F6 /* img0.png */; };
		72DF6DDD18F0BECD00B7B6F6 /* long_description.txt in Resources */ = {isa = PBXBuildFile; fileRef = 72DF6DB218F0BECD00B7B6F6 /* long_description.txt */; };
		72DF6DDE18F0BECD00B7B6F6 /* short_description.txt in Resources */ = {isa = PBXBuildFile; fileRef = 72DF6DB318F0BECD00B7B6F6 /* short_description.txt */; };
		72DF6DF218F0BEE200B7B6F6 /* lower_paths.pdf in Resources */ = {isa = PBXBuildFile; fileRef = 72DF6DE018F0BEE200B7B6F6 /* lower_paths.pdf */; };
		72DF6DF318F0BEE200B7B6F6 /* lower.pdf in Resources */ = {isa = PBXBuildFile; fileRef = 72DF6DE118F0BEE200B7B6F6 /* lower.pdf */; };
		72DF6DF518F0BEE200B7B6F6 /* map_data_all.plist in Resources */ = {isa = PBXBuildFile; fileRef = 72DF6DE318F0BEE200B7B6F6 /* map_data_all.plist */; };
		72DF6DF718F0BEE200B7B6F6 /* mid_paths.pdf in Resources */ = {isa = PBXBuildFile; fileRef = 72DF6DE518F0BEE200B7B6F6 /* mid_paths.pdf */; };
		72DF6DF818F0BEE200B7B6F6 /* mid.pdf in Resources */ = {isa = PBXBuildFile; fileRef = 72DF6DE618F0BEE200B7B6F6 /* mid.pdf */; };
		72DF6DFB18F0BEE200B7B6F6 /* star_paths.pdf in Resources */ = {isa = PBXBuildFile; fileRef = 72DF6DE918F0BEE200B7B6F6 /* star_paths.pdf */; };
		72DF6DFC18F0BEE200B7B6F6 /* star.pdf in Resources */ = {isa = PBXBuildFile; fileRef = 72DF6DEA18F0BEE200B7B6F6 /* star.pdf */; };
		72DF6DFF18F0BEE200B7B6F6 /* top_paths.pdf in Resources */ = {isa = PBXBuildFile; fileRef = 72DF6DED18F0BEE200B7B6F6 /* top_paths.pdf */; };
		72DF6E0018F0BEE200B7B6F6 /* top.pdf in Resources */ = {isa = PBXBuildFile; fileRef = 72DF6DEE18F0BEE200B7B6F6 /* top.pdf */; };
		B64AAFA518FC3AEA00E00D83 /* facilitiesBackground.png in Resources */ = {isa = PBXBuildFile; fileRef = B64AAFA418FC3AEA00E00D83 /* facilitiesBackground.png */; };
		B6D85FAF184FC4B9002B33BF /* Main.storyboard in Resources */ = {isa = PBXBuildFile; fileRef = B6D85FAE184FC4B9002B33BF /* Main.storyboard */; };
		FE3AE8BF18F3692800319486 /* downstairs.pdf in Resources */ = {isa = PBXBuildFile; fileRef = FE3AE8BD18F3692800319486 /* downstairs.pdf */; };
		FE3AE8C018F3692800319486 /* upstairs.pdf in Resources */ = {isa = PBXBuildFile; fileRef = FE3AE8BE18F3692800319486 /* upstairs.pdf */; };
		FE5C87E918D63449009E2CC2 /* TableViewController.m in Sources */ = {isa = PBXBuildFile; fileRef = FE5C87E618D63449009E2CC2 /* TableViewController.m */; };
		FE5C87F718D634C3009E2CC2 /* EachFloorViewController.m in Sources */ = {isa = PBXBuildFile; fileRef = FE5C87EA18D634C3009E2CC2 /* EachFloorViewController.m */; };
		FE5C87F818D634C3009E2CC2 /* FloorViewController.m in Sources */ = {isa = PBXBuildFile; fileRef = FE5C87EB18D634C3009E2CC2 /* FloorViewController.m */; };
		FE5C87F918D634C3009E2CC2 /* FacilitiesViewController.m in Sources */ = {isa = PBXBuildFile; fileRef = FE5C87ED18D634C3009E2CC2 /* FacilitiesViewController.m */; };
		FE5C87FA18D634C3009E2CC2 /* EachMapViewController.m in Sources */ = {isa = PBXBuildFile; fileRef = FE5C87EF18D634C3009E2CC2 /* EachMapViewController.m */; };
		FE5C87FC18D634C3009E2CC2 /* MapFloorViewController.m in Sources */ = {isa = PBXBuildFile; fileRef = FE5C87F218D634C3009E2CC2 /* MapFloorViewController.m */; };
		FE5C87FD18D634C3009E2CC2 /* HomeViewController.m in Sources */ = {isa = PBXBuildFile; fileRef = FE5C87F418D634C3009E2CC2 /* HomeViewController.m */; };
		FE5C87FE18D634C3009E2CC2 /* Home.jpg in Resources */ = {isa = PBXBuildFile; fileRef = FE5C87F618D634C3009E2CC2 /* Home.jpg */; };
		FE5C880118D64072009E2CC2 /* NavigateTableViewController.m in Sources */ = {isa = PBXBuildFile; fileRef = FE5C880018D64072009E2CC2 /* NavigateTableViewController.m */; };
		FEA4A88A18F4DF6E00A01AA8 /* adlerHome.png in Resources */ = {isa = PBXBuildFile; fileRef = FEA4A88918F4DF6E00A01AA8 /* adlerHome.png */; };
		FEA4A88C18F4E0D000A01AA8 /* black.png in Resources */ = {isa = PBXBuildFile; fileRef = FEA4A88B18F4E0D000A01AA8 /* black.png */; };
		FEA4A88E18F4E0D900A01AA8 /* blue.png in Resources */ = {isa = PBXBuildFile; fileRef = FEA4A88D18F4E0D900A01AA8 /* blue.png */; };
		FED8ED8918F76290005A285B /* HoursViewController.m in Sources */ = {isa = PBXBuildFile; fileRef = FED8ED8818F76290005A285B /* HoursViewController.m */; };
/* End PBXBuildFile section */

/* Begin PBXContainerItemProxy section */
		30E50274183607E100BCDA41 /* PBXContainerItemProxy */ = {
			isa = PBXContainerItemProxy;
			containerPortal = 30E50246183607E100BCDA41 /* Project object */;
			proxyType = 1;
			remoteGlobalIDString = 30E5024D183607E100BCDA41;
			remoteInfo = "Adler Navigation";
		};
/* End PBXContainerItemProxy section */

/* Begin PBXFileReference section */
		30D1C674183DD41F00E71EDD /* MapGraphTests.m */ = {isa = PBXFileReference; fileEncoding = 4; lastKnownFileType = sourcecode.c.objc; path = MapGraphTests.m; sourceTree = "<group>"; };
		30E3740918403EAB00996B60 /* MapViewController.h */ = {isa = PBXFileReference; fileEncoding = 4; lastKnownFileType = sourcecode.c.h; path = MapViewController.h; sourceTree = "<group>"; };
		30E3740A18403EAB00996B60 /* MapViewController.m */ = {isa = PBXFileReference; fileEncoding = 4; lastKnownFileType = sourcecode.c.objc; path = MapViewController.m; sourceTree = "<group>"; };
		30E3740C18408BCC00996B60 /* MapViewControllerTests.m */ = {isa = PBXFileReference; fileEncoding = 4; lastKnownFileType = sourcecode.c.objc; path = MapViewControllerTests.m; sourceTree = "<group>"; };
		30E374141858464500996B60 /* PriorityQueue.h */ = {isa = PBXFileReference; fileEncoding = 4; lastKnownFileType = sourcecode.c.h; path = PriorityQueue.h; sourceTree = "<group>"; };
		30E374151858464500996B60 /* PriorityQueue.m */ = {isa = PBXFileReference; fileEncoding = 4; lastKnownFileType = sourcecode.c.objc; path = PriorityQueue.m; sourceTree = "<group>"; };
		30E5024E183607E100BCDA41 /* Adler Navigation.app */ = {isa = PBXFileReference; explicitFileType = wrapper.application; includeInIndex = 0; path = "Adler Navigation.app"; sourceTree = BUILT_PRODUCTS_DIR; };
		30E50251183607E100BCDA41 /* Foundation.framework */ = {isa = PBXFileReference; lastKnownFileType = wrapper.framework; name = Foundation.framework; path = System/Library/Frameworks/Foundation.framework; sourceTree = SDKROOT; };
		30E50253183607E100BCDA41 /* CoreGraphics.framework */ = {isa = PBXFileReference; lastKnownFileType = wrapper.framework; name = CoreGraphics.framework; path = System/Library/Frameworks/CoreGraphics.framework; sourceTree = SDKROOT; };
		30E50255183607E100BCDA41 /* UIKit.framework */ = {isa = PBXFileReference; lastKnownFileType = wrapper.framework; name = UIKit.framework; path = System/Library/Frameworks/UIKit.framework; sourceTree = SDKROOT; };
		30E50257183607E100BCDA41 /* CoreData.framework */ = {isa = PBXFileReference; lastKnownFileType = wrapper.framework; name = CoreData.framework; path = System/Library/Frameworks/CoreData.framework; sourceTree = SDKROOT; };
		30E5025B183607E100BCDA41 /* Adler Navigation-Info.plist */ = {isa = PBXFileReference; lastKnownFileType = text.plist.xml; path = "Adler Navigation-Info.plist"; sourceTree = "<group>"; };
		30E5025D183607E100BCDA41 /* en */ = {isa = PBXFileReference; lastKnownFileType = text.plist.strings; name = en; path = en.lproj/InfoPlist.strings; sourceTree = "<group>"; };
		30E5025F183607E100BCDA41 /* main.m */ = {isa = PBXFileReference; lastKnownFileType = sourcecode.c.objc; path = main.m; sourceTree = "<group>"; };
		30E50261183607E100BCDA41 /* Adler Navigation-Prefix.pch */ = {isa = PBXFileReference; lastKnownFileType = sourcecode.c.h; path = "Adler Navigation-Prefix.pch"; sourceTree = "<group>"; };
		30E50262183607E100BCDA41 /* AppDelegate.h */ = {isa = PBXFileReference; lastKnownFileType = sourcecode.c.h; path = AppDelegate.h; sourceTree = "<group>"; };
		30E50263183607E100BCDA41 /* AppDelegate.m */ = {isa = PBXFileReference; lastKnownFileType = sourcecode.c.objc; path = AppDelegate.m; sourceTree = "<group>"; };
		30E50266183607E100BCDA41 /* Adler_Navigation.xcdatamodel */ = {isa = PBXFileReference; lastKnownFileType = wrapper.xcdatamodel; path = Adler_Navigation.xcdatamodel; sourceTree = "<group>"; };
		30E50268183607E100BCDA41 /* Images.xcassets */ = {isa = PBXFileReference; lastKnownFileType = folder.assetcatalog; path = Images.xcassets; sourceTree = "<group>"; };
		30E5026E183607E100BCDA41 /* Adler NavigationTests.xctest */ = {isa = PBXFileReference; explicitFileType = wrapper.cfbundle; includeInIndex = 0; path = "Adler NavigationTests.xctest"; sourceTree = BUILT_PRODUCTS_DIR; };
		30E5026F183607E100BCDA41 /* XCTest.framework */ = {isa = PBXFileReference; lastKnownFileType = wrapper.framework; name = XCTest.framework; path = Library/Frameworks/XCTest.framework; sourceTree = DEVELOPER_DIR; };
		30E50278183607E100BCDA41 /* Adler NavigationTests-Info.plist */ = {isa = PBXFileReference; lastKnownFileType = text.plist.xml; path = "Adler NavigationTests-Info.plist"; sourceTree = "<group>"; };
		30E5027A183607E100BCDA41 /* en */ = {isa = PBXFileReference; lastKnownFileType = text.plist.strings; name = en; path = en.lproj/InfoPlist.strings; sourceTree = "<group>"; };
		30E5027C183607E100BCDA41 /* Adler_NavigationTests.m */ = {isa = PBXFileReference; lastKnownFileType = sourcecode.c.objc; path = Adler_NavigationTests.m; sourceTree = "<group>"; };
		30E502871836084000BCDA41 /* Node.h */ = {isa = PBXFileReference; fileEncoding = 4; lastKnownFileType = sourcecode.c.h; name = Node.h; path = Model/Node.h; sourceTree = "<group>"; };
		30E502881836084000BCDA41 /* Node.m */ = {isa = PBXFileReference; fileEncoding = 4; lastKnownFileType = sourcecode.c.objc; name = Node.m; path = Model/Node.m; sourceTree = "<group>"; };
		30E502901836222000BCDA41 /* Edge.h */ = {isa = PBXFileReference; fileEncoding = 4; lastKnownFileType = sourcecode.c.h; name = Edge.h; path = Model/Edge.h; sourceTree = "<group>"; };
		30E502911836222000BCDA41 /* Edge.m */ = {isa = PBXFileReference; fileEncoding = 4; lastKnownFileType = sourcecode.c.objc; name = Edge.m; path = Model/Edge.m; sourceTree = "<group>"; };
		30E502931836263100BCDA41 /* MapGraph.h */ = {isa = PBXFileReference; fileEncoding = 4; lastKnownFileType = sourcecode.c.h; name = MapGraph.h; path = Model/MapGraph.h; sourceTree = "<group>"; };
		30E502941836263100BCDA41 /* MapGraph.m */ = {isa = PBXFileReference; fileEncoding = 4; lastKnownFileType = sourcecode.c.objc; name = MapGraph.m; path = Model/MapGraph.m; sourceTree = "<group>"; };
		725F0C6018D6B485003D8FD5 /* PriorityQueueTests.m */ = {isa = PBXFileReference; fileEncoding = 4; lastKnownFileType = sourcecode.c.objc; path = PriorityQueueTests.m; sourceTree = "<group>"; };
		727A228318F092ED005DF50E /* Exhibit.h */ = {isa = PBXFileReference; fileEncoding = 4; lastKnownFileType = sourcecode.c.h; name = Exhibit.h; path = Model/Exhibit.h; sourceTree = "<group>"; };
		727A228418F092ED005DF50E /* Exhibit.m */ = {isa = PBXFileReference; fileEncoding = 4; lastKnownFileType = sourcecode.c.objc; name = Exhibit.m; path = Model/Exhibit.m; sourceTree = "<group>"; };
		728FD49F18D0F66D0073C43F /* comparable.h */ = {isa = PBXFileReference; lastKnownFileType = sourcecode.c.h; path = comparable.h; sourceTree = "<group>"; };
		72DF6D7F18F0BECD00B7B6F6 /* img0.jpg */ = {isa = PBXFileReference; lastKnownFileType = image.jpeg; path = img0.jpg; sourceTree = "<group>"; };
		72DF6D8018F0BECD00B7B6F6 /* long_description.txt */ = {isa = PBXFileReference; fileEncoding = 4; lastKnownFileType = text; path = long_description.txt; sourceTree = "<group>"; };
		72DF6D8118F0BECD00B7B6F6 /* short_description.txt */ = {isa = PBXFileReference; fileEncoding = 4; lastKnownFileType = text; path = short_description.txt; sourceTree = "<group>"; };
		72DF6D8318F0BECD00B7B6F6 /* img0.jpg */ = {isa = PBXFileReference; lastKnownFileType = image.jpeg; path = img0.jpg; sourceTree = "<group>"; };
		72DF6D8418F0BECD00B7B6F6 /* long_description.txt */ = {isa = PBXFileReference; fileEncoding = 4; lastKnownFileType = text; path = long_description.txt; sourceTree = "<group>"; };
		72DF6D8518F0BECD00B7B6F6 /* short_description.txt */ = {isa = PBXFileReference; fileEncoding = 4; lastKnownFileType = text; path = short_description.txt; sourceTree = "<group>"; };
		72DF6D8718F0BECD00B7B6F6 /* img0.jpg */ = {isa = PBXFileReference; lastKnownFileType = image.jpeg; path = img0.jpg; sourceTree = "<group>"; };
		72DF6D8818F0BECD00B7B6F6 /* long_description.txt */ = {isa = PBXFileReference; fileEncoding = 4; lastKnownFileType = text; path = long_description.txt; sourceTree = "<group>"; };
		72DF6D8918F0BECD00B7B6F6 /* short_description.txt */ = {isa = PBXFileReference; fileEncoding = 4; lastKnownFileType = text; path = short_description.txt; sourceTree = "<group>"; };
		72DF6D8B18F0BECD00B7B6F6 /* img0.jpg */ = {isa = PBXFileReference; lastKnownFileType = image.jpeg; path = img0.jpg; sourceTree = "<group>"; };
		72DF6D8C18F0BECD00B7B6F6 /* long_description.txt */ = {isa = PBXFileReference; fileEncoding = 4; lastKnownFileType = text; path = long_description.txt; sourceTree = "<group>"; };
		72DF6D8D18F0BECD00B7B6F6 /* short_description.txt */ = {isa = PBXFileReference; fileEncoding = 4; lastKnownFileType = text; path = short_description.txt; sourceTree = "<group>"; };
		72DF6D8F18F0BECD00B7B6F6 /* img0.png */ = {isa = PBXFileReference; lastKnownFileType = image.png; path = img0.png; sourceTree = "<group>"; };
		72DF6D9018F0BECD00B7B6F6 /* long_description.txt */ = {isa = PBXFileReference; fileEncoding = 4; lastKnownFileType = text; path = long_description.txt; sourceTree = "<group>"; };
		72DF6D9118F0BECD00B7B6F6 /* short_description.txt */ = {isa = PBXFileReference; fileEncoding = 4; lastKnownFileType = text; path = short_description.txt; sourceTree = "<group>"; };
		72DF6D9318F0BECD00B7B6F6 /* img0.png */ = {isa = PBXFileReference; lastKnownFileType = image.png; path = img0.png; sourceTree = "<group>"; };
		72DF6D9418F0BECD00B7B6F6 /* img1.jpg */ = {isa = PBXFileReference; lastKnownFileType = image.jpeg; path = img1.jpg; sourceTree = "<group>"; };
		72DF6D9518F0BECD00B7B6F6 /* img2.jpg */ = {isa = PBXFileReference; lastKnownFileType = image.jpeg; path = img2.jpg; sourceTree = "<group>"; };
		72DF6D9618F0BECD00B7B6F6 /* img3.jpg */ = {isa = PBXFileReference; lastKnownFileType = image.jpeg; path = img3.jpg; sourceTree = "<group>"; };
		72DF6D9718F0BECD00B7B6F6 /* img4.jpg */ = {isa = PBXFileReference; lastKnownFileType = image.jpeg; path = img4.jpg; sourceTree = "<group>"; };
		72DF6D9818F0BECD00B7B6F6 /* img5.jpg */ = {isa = PBXFileReference; lastKnownFileType = image.jpeg; path = img5.jpg; sourceTree = "<group>"; };
		72DF6D9918F0BECD00B7B6F6 /* img6.jpg */ = {isa = PBXFileReference; lastKnownFileType = image.jpeg; path = img6.jpg; sourceTree = "<group>"; };
		72DF6D9A18F0BECD00B7B6F6 /* long_description.txt */ = {isa = PBXFileReference; fileEncoding = 4; lastKnownFileType = text; path = long_description.txt; sourceTree = "<group>"; };
		72DF6D9B18F0BECD00B7B6F6 /* short_description.txt */ = {isa = PBXFileReference; fileEncoding = 4; lastKnownFileType = text; path = short_description.txt; sourceTree = "<group>"; };
		72DF6D9D18F0BECD00B7B6F6 /* img0.png */ = {isa = PBXFileReference; lastKnownFileType = image.png; path = img0.png; sourceTree = "<group>"; };
		72DF6D9E18F0BECD00B7B6F6 /* long_description.txt */ = {isa = PBXFileReference; fileEncoding = 4; lastKnownFileType = text; path = long_description.txt; sourceTree = "<group>"; };
		72DF6D9F18F0BECD00B7B6F6 /* short_description.txt */ = {isa = PBXFileReference; fileEncoding = 4; lastKnownFileType = text; path = short_description.txt; sourceTree = "<group>"; };
		72DF6DA118F0BECD00B7B6F6 /* img0.png */ = {isa = PBXFileReference; lastKnownFileType = image.png; path = img0.png; sourceTree = "<group>"; };
		72DF6DA218F0BECD00B7B6F6 /* long_description.txt */ = {isa = PBXFileReference; fileEncoding = 4; lastKnownFileType = text; path = long_description.txt; sourceTree = "<group>"; };
		72DF6DA318F0BECD00B7B6F6 /* short_description.txt */ = {isa = PBXFileReference; fileEncoding = 4; lastKnownFileType = text; path = short_description.txt; sourceTree = "<group>"; };
		72DF6DA518F0BECD00B7B6F6 /* img0.jpg */ = {isa = PBXFileReference; lastKnownFileType = image.jpeg; path = img0.jpg; sourceTree = "<group>"; };
		72DF6DA618F0BECD00B7B6F6 /* img1.jpg */ = {isa = PBXFileReference; lastKnownFileType = image.jpeg; path = img1.jpg; sourceTree = "<group>"; };
		72DF6DA718F0BECD00B7B6F6 /* img2.jpg */ = {isa = PBXFileReference; lastKnownFileType = image.jpeg; path = img2.jpg; sourceTree = "<group>"; };
		72DF6DA818F0BECD00B7B6F6 /* img3.jpg */ = {isa = PBXFileReference; lastKnownFileType = image.jpeg; path = img3.jpg; sourceTree = "<group>"; };
		72DF6DA918F0BECD00B7B6F6 /* img4.jpg */ = {isa = PBXFileReference; lastKnownFileType = image.jpeg; path = img4.jpg; sourceTree = "<group>"; };
		72DF6DAA18F0BECD00B7B6F6 /* long_description.txt */ = {isa = PBXFileReference; fileEncoding = 4; lastKnownFileType = text; path = long_description.txt; sourceTree = "<group>"; };
		72DF6DAB18F0BECD00B7B6F6 /* short_description.txt */ = {isa = PBXFileReference; fileEncoding = 4; lastKnownFileType = text; path = short_description.txt; sourceTree = "<group>"; };
		72DF6DAD18F0BECD00B7B6F6 /* img0.png */ = {isa = PBXFileReference; lastKnownFileType = image.png; path = img0.png; sourceTree = "<group>"; };
		72DF6DAE18F0BECD00B7B6F6 /* long_description.txt */ = {isa = PBXFileReference; fileEncoding = 4; lastKnownFileType = text; path = long_description.txt; sourceTree = "<group>"; };
		72DF6DAF18F0BECD00B7B6F6 /* short_description.txt */ = {isa = PBXFileReference; fileEncoding = 4; lastKnownFileType = text; path = short_description.txt; sourceTree = "<group>"; };
		72DF6DB118F0BECD00B7B6F6 /* img0.png */ = {isa = PBXFileReference; lastKnownFileType = image.png; path = img0.png; sourceTree = "<group>"; };
		72DF6DB218F0BECD00B7B6F6 /* long_description.txt */ = {isa = PBXFileReference; fileEncoding = 4; lastKnownFileType = text; path = long_description.txt; sourceTree = "<group>"; };
		72DF6DB318F0BECD00B7B6F6 /* short_description.txt */ = {isa = PBXFileReference; fileEncoding = 4; lastKnownFileType = text; path = short_description.txt; sourceTree = "<group>"; };
		72DF6DE018F0BEE200B7B6F6 /* lower_paths.pdf */ = {isa = PBXFileReference; lastKnownFileType = image.pdf; name = lower_paths.pdf; path = "Map Data/lower_paths.pdf"; sourceTree = "<group>"; };
		72DF6DE118F0BEE200B7B6F6 /* lower.pdf */ = {isa = PBXFileReference; lastKnownFileType = image.pdf; name = lower.pdf; path = "Map Data/lower.pdf"; sourceTree = "<group>"; };
		72DF6DE318F0BEE200B7B6F6 /* map_data_all.plist */ = {isa = PBXFileReference; fileEncoding = 4; lastKnownFileType = text.plist.xml; name = map_data_all.plist; path = "Map Data/map_data_all.plist"; sourceTree = "<group>"; };
		72DF6DE518F0BEE200B7B6F6 /* mid_paths.pdf */ = {isa = PBXFileReference; lastKnownFileType = image.pdf; name = mid_paths.pdf; path = "Map Data/mid_paths.pdf"; sourceTree = "<group>"; };
		72DF6DE618F0BEE200B7B6F6 /* mid.pdf */ = {isa = PBXFileReference; lastKnownFileType = image.pdf; name = mid.pdf; path = "Map Data/mid.pdf"; sourceTree = "<group>"; };
		72DF6DE918F0BEE200B7B6F6 /* star_paths.pdf */ = {isa = PBXFileReference; lastKnownFileType = image.pdf; name = star_paths.pdf; path = "Map Data/star_paths.pdf"; sourceTree = "<group>"; };
		72DF6DEA18F0BEE200B7B6F6 /* star.pdf */ = {isa = PBXFileReference; lastKnownFileType = image.pdf; name = star.pdf; path = "Map Data/star.pdf"; sourceTree = "<group>"; };
		72DF6DED18F0BEE200B7B6F6 /* top_paths.pdf */ = {isa = PBXFileReference; lastKnownFileType = image.pdf; name = top_paths.pdf; path = "Map Data/top_paths.pdf"; sourceTree = "<group>"; };
		72DF6DEE18F0BEE200B7B6F6 /* top.pdf */ = {isa = PBXFileReference; lastKnownFileType = image.pdf; name = top.pdf; path = "Map Data/top.pdf"; sourceTree = "<group>"; };
		B64AAFA418FC3AEA00E00D83 /* facilitiesBackground.png */ = {isa = PBXFileReference; lastKnownFileType = image.png; path = facilitiesBackground.png; sourceTree = "<group>"; };
		B6D85FAE184FC4B9002B33BF /* Main.storyboard */ = {isa = PBXFileReference; fileEncoding = 4; lastKnownFileType = file.storyboard; path = Main.storyboard; sourceTree = "<group>"; };
		FE3AE8BD18F3692800319486 /* downstairs.pdf */ = {isa = PBXFileReference; lastKnownFileType = image.pdf; path = downstairs.pdf; sourceTree = "<group>"; };
		FE3AE8BE18F3692800319486 /* upstairs.pdf */ = {isa = PBXFileReference; lastKnownFileType = image.pdf; path = upstairs.pdf; sourceTree = "<group>"; };
		FE5C87E618D63449009E2CC2 /* TableViewController.m */ = {isa = PBXFileReference; fileEncoding = 4; lastKnownFileType = sourcecode.c.objc; path = TableViewController.m; sourceTree = "<group>"; };
		FE5C87E718D63449009E2CC2 /* EachFloorViewController.h */ = {isa = PBXFileReference; fileEncoding = 4; lastKnownFileType = sourcecode.c.h; path = EachFloorViewController.h; sourceTree = "<group>"; };
		FE5C87E818D63449009E2CC2 /* TableViewController.h */ = {isa = PBXFileReference; fileEncoding = 4; lastKnownFileType = sourcecode.c.h; path = TableViewController.h; sourceTree = "<group>"; };
		FE5C87EA18D634C3009E2CC2 /* EachFloorViewController.m */ = {isa = PBXFileReference; fileEncoding = 4; lastKnownFileType = sourcecode.c.objc; path = EachFloorViewController.m; sourceTree = "<group>"; };
		FE5C87EB18D634C3009E2CC2 /* FloorViewController.m */ = {isa = PBXFileReference; fileEncoding = 4; lastKnownFileType = sourcecode.c.objc; path = FloorViewController.m; sourceTree = "<group>"; };
		FE5C87EC18D634C3009E2CC2 /* FloorViewController.h */ = {isa = PBXFileReference; fileEncoding = 4; lastKnownFileType = sourcecode.c.h; path = FloorViewController.h; sourceTree = "<group>"; };
		FE5C87ED18D634C3009E2CC2 /* FacilitiesViewController.m */ = {isa = PBXFileReference; fileEncoding = 4; lastKnownFileType = sourcecode.c.objc; path = FacilitiesViewController.m; sourceTree = "<group>"; };
		FE5C87EE18D634C3009E2CC2 /* FacilitiesViewController.h */ = {isa = PBXFileReference; fileEncoding = 4; lastKnownFileType = sourcecode.c.h; path = FacilitiesViewController.h; sourceTree = "<group>"; };
		FE5C87EF18D634C3009E2CC2 /* EachMapViewController.m */ = {isa = PBXFileReference; fileEncoding = 4; lastKnownFileType = sourcecode.c.objc; path = EachMapViewController.m; sourceTree = "<group>"; };
		FE5C87F118D634C3009E2CC2 /* EachMapViewController.h */ = {isa = PBXFileReference; fileEncoding = 4; lastKnownFileType = sourcecode.c.h; path = EachMapViewController.h; sourceTree = "<group>"; };
		FE5C87F218D634C3009E2CC2 /* MapFloorViewController.m */ = {isa = PBXFileReference; fileEncoding = 4; lastKnownFileType = sourcecode.c.objc; path = MapFloorViewController.m; sourceTree = "<group>"; };
		FE5C87F318D634C3009E2CC2 /* MapFloorViewController.h */ = {isa = PBXFileReference; fileEncoding = 4; lastKnownFileType = sourcecode.c.h; path = MapFloorViewController.h; sourceTree = "<group>"; };
		FE5C87F418D634C3009E2CC2 /* HomeViewController.m */ = {isa = PBXFileReference; fileEncoding = 4; lastKnownFileType = sourcecode.c.objc; path = HomeViewController.m; sourceTree = "<group>"; };
		FE5C87F518D634C3009E2CC2 /* HomeViewController.h */ = {isa = PBXFileReference; fileEncoding = 4; lastKnownFileType = sourcecode.c.h; path = HomeViewController.h; sourceTree = "<group>"; };
		FE5C87F618D634C3009E2CC2 /* Home.jpg */ = {isa = PBXFileReference; lastKnownFileType = image.jpeg; path = Home.jpg; sourceTree = "<group>"; };
		FE5C87FF18D64072009E2CC2 /* NavigateTableViewController.h */ = {isa = PBXFileReference; fileEncoding = 4; lastKnownFileType = sourcecode.c.h; path = NavigateTableViewController.h; sourceTree = "<group>"; };
		FE5C880018D64072009E2CC2 /* NavigateTableViewController.m */ = {isa = PBXFileReference; fileEncoding = 4; lastKnownFileType = sourcecode.c.objc; path = NavigateTableViewController.m; sourceTree = "<group>"; };
		FEA4A88918F4DF6E00A01AA8 /* adlerHome.png */ = {isa = PBXFileReference; lastKnownFileType = image.png; path = adlerHome.png; sourceTree = "<group>"; };
		FEA4A88B18F4E0D000A01AA8 /* black.png */ = {isa = PBXFileReference; lastKnownFileType = image.png; path = black.png; sourceTree = "<group>"; };
		FEA4A88D18F4E0D900A01AA8 /* blue.png */ = {isa = PBXFileReference; lastKnownFileType = image.png; path = blue.png; sourceTree = "<group>"; };
		FED8ED8718F76290005A285B /* HoursViewController.h */ = {isa = PBXFileReference; fileEncoding = 4; lastKnownFileType = sourcecode.c.h; path = HoursViewController.h; sourceTree = "<group>"; };
		FED8ED8818F76290005A285B /* HoursViewController.m */ = {isa = PBXFileReference; fileEncoding = 4; lastKnownFileType = sourcecode.c.objc; path = HoursViewController.m; sourceTree = "<group>"; };
/* End PBXFileReference section */

/* Begin PBXFrameworksBuildPhase section */
		30E5024B183607E100BCDA41 /* Frameworks */ = {
			isa = PBXFrameworksBuildPhase;
			buildActionMask = 2147483647;
			files = (
				30E50254183607E100BCDA41 /* CoreGraphics.framework in Frameworks */,
				30E50258183607E100BCDA41 /* CoreData.framework in Frameworks */,
				30E50256183607E100BCDA41 /* UIKit.framework in Frameworks */,
				30E50252183607E100BCDA41 /* Foundation.framework in Frameworks */,
			);
			runOnlyForDeploymentPostprocessing = 0;
		};
		30E5026B183607E100BCDA41 /* Frameworks */ = {
			isa = PBXFrameworksBuildPhase;
			buildActionMask = 2147483647;
			files = (
				30E50270183607E100BCDA41 /* XCTest.framework in Frameworks */,
				30E50273183607E100BCDA41 /* CoreData.framework in Frameworks */,
				30E50272183607E100BCDA41 /* UIKit.framework in Frameworks */,
				30E50271183607E100BCDA41 /* Foundation.framework in Frameworks */,
			);
			runOnlyForDeploymentPostprocessing = 0;
		};
/* End PBXFrameworksBuildPhase section */

/* Begin PBXGroup section */
		30E50245183607E100BCDA41 = {
			isa = PBXGroup;
			children = (
				30E50259183607E100BCDA41 /* Adler Navigation */,
				30E50276183607E100BCDA41 /* Adler NavigationTests */,
				30E50250183607E100BCDA41 /* Frameworks */,
				30E5024F183607E100BCDA41 /* Products */,
			);
			sourceTree = "<group>";
		};
		30E5024F183607E100BCDA41 /* Products */ = {
			isa = PBXGroup;
			children = (
				30E5024E183607E100BCDA41 /* Adler Navigation.app */,
				30E5026E183607E100BCDA41 /* Adler NavigationTests.xctest */,
			);
			name = Products;
			sourceTree = "<group>";
		};
		30E50250183607E100BCDA41 /* Frameworks */ = {
			isa = PBXGroup;
			children = (
				30E50251183607E100BCDA41 /* Foundation.framework */,
				30E50253183607E100BCDA41 /* CoreGraphics.framework */,
				30E50255183607E100BCDA41 /* UIKit.framework */,
				30E50257183607E100BCDA41 /* CoreData.framework */,
				30E5026F183607E100BCDA41 /* XCTest.framework */,
			);
			name = Frameworks;
			sourceTree = "<group>";
		};
		30E50259183607E100BCDA41 /* Adler Navigation */ = {
			isa = PBXGroup;
			children = (
				30E50262183607E100BCDA41 /* AppDelegate.h */,
				30E50263183607E100BCDA41 /* AppDelegate.m */,
				FE5C87EA18D634C3009E2CC2 /* EachFloorViewController.m */,
				FE5C87E718D63449009E2CC2 /* EachFloorViewController.h */,
				FE5C87EB18D634C3009E2CC2 /* FloorViewController.m */,
				FE5C87EC18D634C3009E2CC2 /* FloorViewController.h */,
				FE5C87ED18D634C3009E2CC2 /* FacilitiesViewController.m */,
				FE5C87EE18D634C3009E2CC2 /* FacilitiesViewController.h */,
				FE5C87EF18D634C3009E2CC2 /* EachMapViewController.m */,
				FE5C87F118D634C3009E2CC2 /* EachMapViewController.h */,
				FE5C87F218D634C3009E2CC2 /* MapFloorViewController.m */,
				FE5C87F318D634C3009E2CC2 /* MapFloorViewController.h */,
				FE5C87F418D634C3009E2CC2 /* HomeViewController.m */,
				FE5C87F518D634C3009E2CC2 /* HomeViewController.h */,
				FE5C87E618D63449009E2CC2 /* TableViewController.m */,
				FE5C87E818D63449009E2CC2 /* TableViewController.h */,
				FE5C880018D64072009E2CC2 /* NavigateTableViewController.m */,
				FE5C87FF18D64072009E2CC2 /* NavigateTableViewController.h */,
				30E3740918403EAB00996B60 /* MapViewController.h */,
				30E3740A18403EAB00996B60 /* MapViewController.m */,
				30E374141858464500996B60 /* PriorityQueue.h */,
				30E374151858464500996B60 /* PriorityQueue.m */,
				728FD49F18D0F66D0073C43F /* comparable.h */,
				B6D85FAE184FC4B9002B33BF /* Main.storyboard */,
				FED8ED8718F76290005A285B /* HoursViewController.h */,
				FED8ED8818F76290005A285B /* HoursViewController.m */,
				30E502861836080B00BCDA41 /* Model */,
				30E5025A183607E100BCDA41 /* Supporting Files */,
				30E50265183607E100BCDA41 /* Adler_Navigation.xcdatamodeld */,
				30E50268183607E100BCDA41 /* Images.xcassets */,
			);
			path = "Adler Navigation";
			sourceTree = "<group>";
		};
		30E5025A183607E100BCDA41 /* Supporting Files */ = {
			isa = PBXGroup;
			children = (
				B64AAFA418FC3AEA00E00D83 /* facilitiesBackground.png */,
				FEA4A88918F4DF6E00A01AA8 /* adlerHome.png */,
				FEA4A88B18F4E0D000A01AA8 /* black.png */,
				FEA4A88D18F4E0D900A01AA8 /* blue.png */,
				727A22F018F0BA36005DF50E /* Exhibit Data */,
				727A22EF18F0BA31005DF50E /* Map Data */,
				FE5C87F618D634C3009E2CC2 /* Home.jpg */,
				30E5025F183607E100BCDA41 /* main.m */,
				30E5025C183607E100BCDA41 /* InfoPlist.strings */,
				30E5025B183607E100BCDA41 /* Adler Navigation-Info.plist */,
				30E50261183607E100BCDA41 /* Adler Navigation-Prefix.pch */,
			);
			name = "Supporting Files";
			sourceTree = "<group>";
		};
		30E50276183607E100BCDA41 /* Adler NavigationTests */ = {
			isa = PBXGroup;
			children = (
				725F0C6018D6B485003D8FD5 /* PriorityQueueTests.m */,
				30D1C674183DD41F00E71EDD /* MapGraphTests.m */,
				30E3740C18408BCC00996B60 /* MapViewControllerTests.m */,
				30E5027C183607E100BCDA41 /* Adler_NavigationTests.m */,
				30E50277183607E100BCDA41 /* Supporting Files */,
			);
			path = "Adler NavigationTests";
			sourceTree = "<group>";
		};
		30E50277183607E100BCDA41 /* Supporting Files */ = {
			isa = PBXGroup;
			children = (
				30E50278183607E100BCDA41 /* Adler NavigationTests-Info.plist */,
				30E50279183607E100BCDA41 /* InfoPlist.strings */,
			);
			name = "Supporting Files";
			sourceTree = "<group>";
		};
		30E502861836080B00BCDA41 /* Model */ = {
			isa = PBXGroup;
			children = (
				30E502901836222000BCDA41 /* Edge.h */,
				30E502911836222000BCDA41 /* Edge.m */,
				30E502871836084000BCDA41 /* Node.h */,
				30E502881836084000BCDA41 /* Node.m */,
				30E502931836263100BCDA41 /* MapGraph.h */,
				30E502941836263100BCDA41 /* MapGraph.m */,
				727A228318F092ED005DF50E /* Exhibit.h */,
				727A228418F092ED005DF50E /* Exhibit.m */,
			);
			name = Model;
			sourceTree = "<group>";
		};
		727A22EF18F0BA31005DF50E /* Map Data */ = {
			isa = PBXGroup;
			children = (
				FE3AE8BD18F3692800319486 /* downstairs.pdf */,
				FE3AE8BE18F3692800319486 /* upstairs.pdf */,
				72DF6DE018F0BEE200B7B6F6 /* lower_paths.pdf */,
				72DF6DE118F0BEE200B7B6F6 /* lower.pdf */,
				72DF6DE318F0BEE200B7B6F6 /* map_data_all.plist */,
				72DF6DE518F0BEE200B7B6F6 /* mid_paths.pdf */,
				72DF6DE618F0BEE200B7B6F6 /* mid.pdf */,
				72DF6DE918F0BEE200B7B6F6 /* star_paths.pdf */,
				72DF6DEA18F0BEE200B7B6F6 /* star.pdf */,
				72DF6DED18F0BEE200B7B6F6 /* top_paths.pdf */,
				72DF6DEE18F0BEE200B7B6F6 /* top.pdf */,
			);
			name = "Map Data";
			sourceTree = "<group>";
		};
		727A22F018F0BA36005DF50E /* Exhibit Data */ = {
			isa = PBXGroup;
			children = (
				72DF6D7E18F0BECD00B7B6F6 /* AstronomyInCulture */,
				72DF6D8218F0BECD00B7B6F6 /* ClarkFamilyWelcomeGallery */,
				72DF6D8618F0BECD00B7B6F6 /* Cyberspace */,
				72DF6D8A18F0BECD00B7B6F6 /* HiddenWonders */,
				72DF6D8E18F0BECD00B7B6F6 /* HistoricAtwoodSphere */,
				72DF6D9218F0BECD00B7B6F6 /* OurSolarSystem */,
				72DF6D9C18F0BECD00B7B6F6 /* PlanetExplorers */,
				72DF6DA018F0BECD00B7B6F6 /* ShootForTheMoon */,
				72DF6DA418F0BECD00B7B6F6 /* Sundials */,
				72DF6DAC18F0BECD00B7B6F6 /* Telescopes */,
				72DF6DB018F0BECD00B7B6F6 /* TheUniverse */,
			);
			name = "Exhibit Data";
			sourceTree = "<group>";
		};
		72DF6D7E18F0BECD00B7B6F6 /* AstronomyInCulture */ = {
			isa = PBXGroup;
			children = (
				72DF6D7F18F0BECD00B7B6F6 /* img0.jpg */,
				72DF6D8018F0BECD00B7B6F6 /* long_description.txt */,
				72DF6D8118F0BECD00B7B6F6 /* short_description.txt */,
			);
			name = AstronomyInCulture;
			path = "Exhibit Data/AstronomyInCulture";
			sourceTree = "<group>";
		};
		72DF6D8218F0BECD00B7B6F6 /* ClarkFamilyWelcomeGallery */ = {
			isa = PBXGroup;
			children = (
				72DF6D8318F0BECD00B7B6F6 /* img0.jpg */,
				72DF6D8418F0BECD00B7B6F6 /* long_description.txt */,
				72DF6D8518F0BECD00B7B6F6 /* short_description.txt */,
			);
			name = ClarkFamilyWelcomeGallery;
			path = "Exhibit Data/ClarkFamilyWelcomeGallery";
			sourceTree = "<group>";
		};
		72DF6D8618F0BECD00B7B6F6 /* Cyberspace */ = {
			isa = PBXGroup;
			children = (
				72DF6D8718F0BECD00B7B6F6 /* img0.jpg */,
				72DF6D8818F0BECD00B7B6F6 /* long_description.txt */,
				72DF6D8918F0BECD00B7B6F6 /* short_description.txt */,
			);
			name = Cyberspace;
			path = "Exhibit Data/Cyberspace";
			sourceTree = "<group>";
		};
		72DF6D8A18F0BECD00B7B6F6 /* HiddenWonders */ = {
			isa = PBXGroup;
			children = (
				72DF6D8B18F0BECD00B7B6F6 /* img0.jpg */,
				72DF6D8C18F0BECD00B7B6F6 /* long_description.txt */,
				72DF6D8D18F0BECD00B7B6F6 /* short_description.txt */,
			);
			name = HiddenWonders;
			path = "Exhibit Data/HiddenWonders";
			sourceTree = "<group>";
		};
		72DF6D8E18F0BECD00B7B6F6 /* HistoricAtwoodSphere */ = {
			isa = PBXGroup;
			children = (
				72DF6D8F18F0BECD00B7B6F6 /* img0.png */,
				72DF6D9018F0BECD00B7B6F6 /* long_description.txt */,
				72DF6D9118F0BECD00B7B6F6 /* short_description.txt */,
			);
			name = HistoricAtwoodSphere;
			path = "Exhibit Data/HistoricAtwoodSphere";
			sourceTree = "<group>";
		};
		72DF6D9218F0BECD00B7B6F6 /* OurSolarSystem */ = {
			isa = PBXGroup;
			children = (
				72DF6D9318F0BECD00B7B6F6 /* img0.png */,
				72DF6D9418F0BECD00B7B6F6 /* img1.jpg */,
				72DF6D9518F0BECD00B7B6F6 /* img2.jpg */,
				72DF6D9618F0BECD00B7B6F6 /* img3.jpg */,
				72DF6D9718F0BECD00B7B6F6 /* img4.jpg */,
				72DF6D9818F0BECD00B7B6F6 /* img5.jpg */,
				72DF6D9918F0BECD00B7B6F6 /* img6.jpg */,
				72DF6D9A18F0BECD00B7B6F6 /* long_description.txt */,
				72DF6D9B18F0BECD00B7B6F6 /* short_description.txt */,
			);
			name = OurSolarSystem;
			path = "Exhibit Data/OurSolarSystem";
			sourceTree = "<group>";
		};
		72DF6D9C18F0BECD00B7B6F6 /* PlanetExplorers */ = {
			isa = PBXGroup;
			children = (
				72DF6D9D18F0BECD00B7B6F6 /* img0.png */,
				72DF6D9E18F0BECD00B7B6F6 /* long_description.txt */,
				72DF6D9F18F0BECD00B7B6F6 /* short_description.txt */,
			);
			name = PlanetExplorers;
			path = "Exhibit Data/PlanetExplorers";
			sourceTree = "<group>";
		};
		72DF6DA018F0BECD00B7B6F6 /* ShootForTheMoon */ = {
			isa = PBXGroup;
			children = (
				72DF6DA118F0BECD00B7B6F6 /* img0.png */,
				72DF6DA218F0BECD00B7B6F6 /* long_description.txt */,
				72DF6DA318F0BECD00B7B6F6 /* short_description.txt */,
			);
			name = ShootForTheMoon;
			path = "Exhibit Data/ShootForTheMoon";
			sourceTree = "<group>";
		};
		72DF6DA418F0BECD00B7B6F6 /* Sundials */ = {
			isa = PBXGroup;
			children = (
				72DF6DA518F0BECD00B7B6F6 /* img0.jpg */,
				72DF6DA618F0BECD00B7B6F6 /* img1.jpg */,
				72DF6DA718F0BECD00B7B6F6 /* img2.jpg */,
				72DF6DA818F0BECD00B7B6F6 /* img3.jpg */,
				72DF6DA918F0BECD00B7B6F6 /* img4.jpg */,
				72DF6DAA18F0BECD00B7B6F6 /* long_description.txt */,
				72DF6DAB18F0BECD00B7B6F6 /* short_description.txt */,
			);
			name = Sundials;
			path = "Exhibit Data/Sundials";
			sourceTree = "<group>";
		};
		72DF6DAC18F0BECD00B7B6F6 /* Telescopes */ = {
			isa = PBXGroup;
			children = (
				72DF6DAD18F0BECD00B7B6F6 /* img0.png */,
				72DF6DAE18F0BECD00B7B6F6 /* long_description.txt */,
				72DF6DAF18F0BECD00B7B6F6 /* short_description.txt */,
			);
			name = Telescopes;
			path = "Exhibit Data/Telescopes";
			sourceTree = "<group>";
		};
		72DF6DB018F0BECD00B7B6F6 /* TheUniverse */ = {
			isa = PBXGroup;
			children = (
				72DF6DB118F0BECD00B7B6F6 /* img0.png */,
				72DF6DB218F0BECD00B7B6F6 /* long_description.txt */,
				72DF6DB318F0BECD00B7B6F6 /* short_description.txt */,
			);
			name = TheUniverse;
			path = "Exhibit Data/TheUniverse";
			sourceTree = "<group>";
		};
/* End PBXGroup section */

/* Begin PBXNativeTarget section */
		30E5024D183607E100BCDA41 /* Adler Navigation */ = {
			isa = PBXNativeTarget;
			buildConfigurationList = 30E50280183607E100BCDA41 /* Build configuration list for PBXNativeTarget "Adler Navigation" */;
			buildPhases = (
				30E5024A183607E100BCDA41 /* Sources */,
				30E5024B183607E100BCDA41 /* Frameworks */,
				30E5024C183607E100BCDA41 /* Resources */,
			);
			buildRules = (
			);
			dependencies = (
			);
			name = "Adler Navigation";
			productName = "Adler Navigation";
			productReference = 30E5024E183607E100BCDA41 /* Adler Navigation.app */;
			productType = "com.apple.product-type.application";
		};
		30E5026D183607E100BCDA41 /* Adler NavigationTests */ = {
			isa = PBXNativeTarget;
			buildConfigurationList = 30E50283183607E100BCDA41 /* Build configuration list for PBXNativeTarget "Adler NavigationTests" */;
			buildPhases = (
				30E5026A183607E100BCDA41 /* Sources */,
				30E5026B183607E100BCDA41 /* Frameworks */,
				30E5026C183607E100BCDA41 /* Resources */,
			);
			buildRules = (
			);
			dependencies = (
				30E50275183607E100BCDA41 /* PBXTargetDependency */,
			);
			name = "Adler NavigationTests";
			productName = "Adler NavigationTests";
			productReference = 30E5026E183607E100BCDA41 /* Adler NavigationTests.xctest */;
			productType = "com.apple.product-type.bundle.unit-test";
		};
/* End PBXNativeTarget section */

/* Begin PBXProject section */
		30E50246183607E100BCDA41 /* Project object */ = {
			isa = PBXProject;
			attributes = {
				LastUpgradeCheck = 0510;
				ORGANIZATIONNAME = "Adler Planetarium";
				TargetAttributes = {
					30E5026D183607E100BCDA41 = {
						TestTargetID = 30E5024D183607E100BCDA41;
					};
				};
			};
			buildConfigurationList = 30E50249183607E100BCDA41 /* Build configuration list for PBXProject "Adler Navigation" */;
			compatibilityVersion = "Xcode 3.2";
			developmentRegion = English;
			hasScannedForEncodings = 0;
			knownRegions = (
				en,
			);
			mainGroup = 30E50245183607E100BCDA41;
			productRefGroup = 30E5024F183607E100BCDA41 /* Products */;
			projectDirPath = "";
			projectRoot = "";
			targets = (
				30E5024D183607E100BCDA41 /* Adler Navigation */,
				30E5026D183607E100BCDA41 /* Adler NavigationTests */,
			);
		};
/* End PBXProject section */

/* Begin PBXResourcesBuildPhase section */
		30E5024C183607E100BCDA41 /* Resources */ = {
			isa = PBXResourcesBuildPhase;
			buildActionMask = 2147483647;
			files = (
				72DF6DC818F0BECD00B7B6F6 /* img5.jpg in Resources */,
				30E5025E183607E100BCDA41 /* InfoPlist.strings in Resources */,
				72DF6DB918F0BECD00B7B6F6 /* short_description.txt in Resources */,
				72DF6DFC18F0BEE200B7B6F6 /* star.pdf in Resources */,
				72DF6DCA18F0BECD00B7B6F6 /* long_description.txt in Resources */,
				72DF6DD118F0BECD00B7B6F6 /* short_description.txt in Resources */,
				72DF6DD618F0BECD00B7B6F6 /* img4.jpg in Resources */,
				FEA4A88E18F4E0D900A01AA8 /* blue.png in Resources */,
				72DF6DBD18F0BECD00B7B6F6 /* img0.jpg in Resources */,
				72DF6DD818F0BECD00B7B6F6 /* short_description.txt in Resources */,
				72DF6DDA18F0BECD00B7B6F6 /* long_description.txt in Resources */,
				72DF6DC518F0BECD00B7B6F6 /* img2.jpg in Resources */,
				72DF6DB818F0BECD00B7B6F6 /* long_description.txt in Resources */,
				FE5C87FE18D634C3009E2CC2 /* Home.jpg in Resources */,
				B6D85FAF184FC4B9002B33BF /* Main.storyboard in Resources */,
				72DF6DC318F0BECD00B7B6F6 /* img0.png in Resources */,
				72DF6DCF18F0BECD00B7B6F6 /* img0.png in Resources */,
				72DF6DDD18F0BECD00B7B6F6 /* long_description.txt in Resources */,
				72DF6DCE18F0BECD00B7B6F6 /* short_description.txt in Resources */,
				72DF6DC118F0BECD00B7B6F6 /* long_description.txt in Resources */,
				72DF6DCB18F0BECD00B7B6F6 /* short_description.txt in Resources */,
				72DF6DD218F0BECD00B7B6F6 /* img0.jpg in Resources */,
				72DF6DC418F0BECD00B7B6F6 /* img1.jpg in Resources */,
				72DF6DB618F0BECD00B7B6F6 /* short_description.txt in Resources */,
				72DF6DD018F0BECD00B7B6F6 /* long_description.txt in Resources */,
				72DF6DF518F0BEE200B7B6F6 /* map_data_all.plist in Resources */,
				72DF6DDE18F0BECD00B7B6F6 /* short_description.txt in Resources */,
				72DF6DB518F0BECD00B7B6F6 /* long_description.txt in Resources */,
				72DF6DD518F0BECD00B7B6F6 /* img3.jpg in Resources */,
				72DF6DD418F0BECD00B7B6F6 /* img2.jpg in Resources */,
				FEA4A88C18F4E0D000A01AA8 /* black.png in Resources */,
				72DF6E0018F0BEE200B7B6F6 /* top.pdf in Resources */,
				72DF6DC218F0BECD00B7B6F6 /* short_description.txt in Resources */,
				72DF6DC918F0BECD00B7B6F6 /* img6.jpg in Resources */,
				72DF6DF318F0BEE200B7B6F6 /* lower.pdf in Resources */,
				72DF6DBF18F0BECD00B7B6F6 /* short_description.txt in Resources */,
				72DF6DBB18F0BECD00B7B6F6 /* long_description.txt in Resources */,
				72DF6DF218F0BEE200B7B6F6 /* lower_paths.pdf in Resources */,
				72DF6DF818F0BEE200B7B6F6 /* mid.pdf in Resources */,
				72DF6DC718F0BECD00B7B6F6 /* img4.jpg in Resources */,
				72DF6DCC18F0BECD00B7B6F6 /* img0.png in Resources */,
				72DF6DF718F0BEE200B7B6F6 /* mid_paths.pdf in Resources */,
				72DF6DC618F0BECD00B7B6F6 /* img3.jpg in Resources */,
				72DF6DDC18F0BECD00B7B6F6 /* img0.png in Resources */,
				B64AAFA518FC3AEA00E00D83 /* facilitiesBackground.png in Resources */,
				72DF6DCD18F0BECD00B7B6F6 /* long_description.txt in Resources */,
				72DF6DFB18F0BEE200B7B6F6 /* star_paths.pdf in Resources */,
				72DF6DBC18F0BECD00B7B6F6 /* short_description.txt in Resources */,
				FEA4A88A18F4DF6E00A01AA8 /* adlerHome.png in Resources */,
				72DF6DC018F0BECD00B7B6F6 /* img0.png in Resources */,
				72DF6DBE18F0BECD00B7B6F6 /* long_description.txt in Resources */,
				72DF6DDB18F0BECD00B7B6F6 /* short_description.txt in Resources */,
				72DF6DD318F0BECD00B7B6F6 /* img1.jpg in Resources */,
				72DF6DBA18F0BECD00B7B6F6 /* img0.jpg in Resources */,
				72DF6DFF18F0BEE200B7B6F6 /* top_paths.pdf in Resources */,
				30E50269183607E100BCDA41 /* Images.xcassets in Resources */,
				72DF6DD918F0BECD00B7B6F6 /* img0.png in Resources */,
				72DF6DD718F0BECD00B7B6F6 /* long_description.txt in Resources */,
				FE3AE8C018F3692800319486 /* upstairs.pdf in Resources */,
				72DF6DB718F0BECD00B7B6F6 /* img0.jpg in Resources */,
				FE3AE8BF18F3692800319486 /* downstairs.pdf in Resources */,
				72DF6DB418F0BECD00B7B6F6 /* img0.jpg in Resources */,
			);
			runOnlyForDeploymentPostprocessing = 0;
		};
		30E5026C183607E100BCDA41 /* Resources */ = {
			isa = PBXResourcesBuildPhase;
			buildActionMask = 2147483647;
			files = (
				30E5027B183607E100BCDA41 /* InfoPlist.strings in Resources */,
			);
			runOnlyForDeploymentPostprocessing = 0;
		};
/* End PBXResourcesBuildPhase section */

/* Begin PBXSourcesBuildPhase section */
		30E5024A183607E100BCDA41 /* Sources */ = {
			isa = PBXSourcesBuildPhase;
			buildActionMask = 2147483647;
			files = (
				FE5C87F718D634C3009E2CC2 /* EachFloorViewController.m in Sources */,
				30E50264183607E100BCDA41 /* AppDelegate.m in Sources */,
				30E50260183607E100BCDA41 /* main.m in Sources */,
				30E374161858464500996B60 /* PriorityQueue.m in Sources */,
				FE5C87FC18D634C3009E2CC2 /* MapFloorViewController.m in Sources */,
				30E50267183607E100BCDA41 /* Adler_Navigation.xcdatamodeld in Sources */,
				FE5C87E918D63449009E2CC2 /* TableViewController.m in Sources */,
				30E502921836222000BCDA41 /* Edge.m in Sources */,
				FE5C87FD18D634C3009E2CC2 /* HomeViewController.m in Sources */,
				FE5C87FA18D634C3009E2CC2 /* EachMapViewController.m in Sources */,
				30E502951836263100BCDA41 /* MapGraph.m in Sources */,
				30E3740B18403EAB00996B60 /* MapViewController.m in Sources */,
				FE5C87F918D634C3009E2CC2 /* FacilitiesViewController.m in Sources */,
				30E502891836084000BCDA41 /* Node.m in Sources */,
				FE5C880118D64072009E2CC2 /* NavigateTableViewController.m in Sources */,
				727A228518F092ED005DF50E /* Exhibit.m in Sources */,
				FED8ED8918F76290005A285B /* HoursViewController.m in Sources */,
				FE5C87F818D634C3009E2CC2 /* FloorViewController.m in Sources */,
			);
			runOnlyForDeploymentPostprocessing = 0;
		};
		30E5026A183607E100BCDA41 /* Sources */ = {
			isa = PBXSourcesBuildPhase;
			buildActionMask = 2147483647;
			files = (
				30E5027D183607E100BCDA41 /* Adler_NavigationTests.m in Sources */,
				725F0C5F18D663D9003D8FD5 /* (null) in Sources */,
				30E3740D18408BCC00996B60 /* MapViewControllerTests.m in Sources */,
				30D1C675183DD41F00E71EDD /* MapGraphTests.m in Sources */,
				725F0C6118D6B485003D8FD5 /* PriorityQueueTests.m in Sources */,
			);
			runOnlyForDeploymentPostprocessing = 0;
		};
/* End PBXSourcesBuildPhase section */

/* Begin PBXTargetDependency section */
		30E50275183607E100BCDA41 /* PBXTargetDependency */ = {
			isa = PBXTargetDependency;
			target = 30E5024D183607E100BCDA41 /* Adler Navigation */;
			targetProxy = 30E50274183607E100BCDA41 /* PBXContainerItemProxy */;
		};
/* End PBXTargetDependency section */

/* Begin PBXVariantGroup section */
		30E5025C183607E100BCDA41 /* InfoPlist.strings */ = {
			isa = PBXVariantGroup;
			children = (
				30E5025D183607E100BCDA41 /* en */,
			);
			name = InfoPlist.strings;
			sourceTree = "<group>";
		};
		30E50279183607E100BCDA41 /* InfoPlist.strings */ = {
			isa = PBXVariantGroup;
			children = (
				30E5027A183607E100BCDA41 /* en */,
			);
			name = InfoPlist.strings;
			sourceTree = "<group>";
		};
/* End PBXVariantGroup section */

/* Begin XCBuildConfiguration section */
		30E5027E183607E100BCDA41 /* Debug */ = {
			isa = XCBuildConfiguration;
			buildSettings = {
				ALWAYS_SEARCH_USER_PATHS = NO;
				CLANG_CXX_LANGUAGE_STANDARD = "gnu++0x";
				CLANG_CXX_LIBRARY = "libc++";
				CLANG_ENABLE_MODULES = YES;
				CLANG_ENABLE_OBJC_ARC = YES;
				CLANG_WARN_BOOL_CONVERSION = YES;
				CLANG_WARN_CONSTANT_CONVERSION = YES;
				CLANG_WARN_DIRECT_OBJC_ISA_USAGE = YES_ERROR;
				CLANG_WARN_EMPTY_BODY = YES;
				CLANG_WARN_ENUM_CONVERSION = YES;
				CLANG_WARN_INT_CONVERSION = YES;
				CLANG_WARN_OBJC_ROOT_CLASS = YES_ERROR;
				CLANG_WARN__DUPLICATE_METHOD_MATCH = YES;
				"CODE_SIGN_IDENTITY[sdk=iphoneos*]" = "iPhone Developer";
				COPY_PHASE_STRIP = NO;
				GCC_C_LANGUAGE_STANDARD = gnu99;
				GCC_DYNAMIC_NO_PIC = NO;
				GCC_OPTIMIZATION_LEVEL = 0;
				GCC_PREPROCESSOR_DEFINITIONS = (
					"DEBUG=1",
					"$(inherited)",
				);
				GCC_SYMBOLS_PRIVATE_EXTERN = NO;
				GCC_WARN_64_TO_32_BIT_CONVERSION = YES;
				GCC_WARN_ABOUT_RETURN_TYPE = YES_ERROR;
				GCC_WARN_UNDECLARED_SELECTOR = YES;
				GCC_WARN_UNINITIALIZED_AUTOS = YES;
				GCC_WARN_UNUSED_FUNCTION = YES;
				GCC_WARN_UNUSED_VARIABLE = YES;
				IPHONEOS_DEPLOYMENT_TARGET = 7.0;
				ONLY_ACTIVE_ARCH = YES;
				SDKROOT = iphoneos;
			};
			name = Debug;
		};
		30E5027F183607E100BCDA41 /* Release */ = {
			isa = XCBuildConfiguration;
			buildSettings = {
				ALWAYS_SEARCH_USER_PATHS = NO;
				CLANG_CXX_LANGUAGE_STANDARD = "gnu++0x";
				CLANG_CXX_LIBRARY = "libc++";
				CLANG_ENABLE_MODULES = YES;
				CLANG_ENABLE_OBJC_ARC = YES;
				CLANG_WARN_BOOL_CONVERSION = YES;
				CLANG_WARN_CONSTANT_CONVERSION = YES;
				CLANG_WARN_DIRECT_OBJC_ISA_USAGE = YES_ERROR;
				CLANG_WARN_EMPTY_BODY = YES;
				CLANG_WARN_ENUM_CONVERSION = YES;
				CLANG_WARN_INT_CONVERSION = YES;
				CLANG_WARN_OBJC_ROOT_CLASS = YES_ERROR;
				CLANG_WARN__DUPLICATE_METHOD_MATCH = YES;
				"CODE_SIGN_IDENTITY[sdk=iphoneos*]" = "iPhone Developer";
				COPY_PHASE_STRIP = YES;
				ENABLE_NS_ASSERTIONS = NO;
				GCC_C_LANGUAGE_STANDARD = gnu99;
				GCC_WARN_64_TO_32_BIT_CONVERSION = YES;
				GCC_WARN_ABOUT_RETURN_TYPE = YES_ERROR;
				GCC_WARN_UNDECLARED_SELECTOR = YES;
				GCC_WARN_UNINITIALIZED_AUTOS = YES;
				GCC_WARN_UNUSED_FUNCTION = YES;
				GCC_WARN_UNUSED_VARIABLE = YES;
				IPHONEOS_DEPLOYMENT_TARGET = 7.0;
				SDKROOT = iphoneos;
				VALIDATE_PRODUCT = YES;
			};
			name = Release;
		};
		30E50281183607E100BCDA41 /* Debug */ = {
			isa = XCBuildConfiguration;
			buildSettings = {
				ASSETCATALOG_COMPILER_APPICON_NAME = AppIcon;
				ASSETCATALOG_COMPILER_LAUNCHIMAGE_NAME = LaunchImage;
				GCC_PRECOMPILE_PREFIX_HEADER = YES;
				GCC_PREFIX_HEADER = "Adler Navigation/Adler Navigation-Prefix.pch";
				INFOPLIST_FILE = "Adler Navigation/Adler Navigation-Info.plist";
				PRODUCT_NAME = "$(TARGET_NAME)";
				WRAPPER_EXTENSION = app;
			};
			name = Debug;
		};
		30E50282183607E100BCDA41 /* Release */ = {
			isa = XCBuildConfiguration;
			buildSettings = {
				ASSETCATALOG_COMPILER_APPICON_NAME = AppIcon;
				ASSETCATALOG_COMPILER_LAUNCHIMAGE_NAME = LaunchImage;
				GCC_PRECOMPILE_PREFIX_HEADER = YES;
				GCC_PREFIX_HEADER = "Adler Navigation/Adler Navigation-Prefix.pch";
				INFOPLIST_FILE = "Adler Navigation/Adler Navigation-Info.plist";
				PRODUCT_NAME = "$(TARGET_NAME)";
				WRAPPER_EXTENSION = app;
			};
			name = Release;
		};
		30E50284183607E100BCDA41 /* Debug */ = {
			isa = XCBuildConfiguration;
			buildSettings = {
				BUNDLE_LOADER = "$(BUILT_PRODUCTS_DIR)/Adler Navigation.app/Adler Navigation";
				FRAMEWORK_SEARCH_PATHS = (
					"$(SDKROOT)/Developer/Library/Frameworks",
					"$(inherited)",
					"$(DEVELOPER_FRAMEWORKS_DIR)",
				);
				GCC_PRECOMPILE_PREFIX_HEADER = YES;
				GCC_PREFIX_HEADER = "Adler Navigation/Adler Navigation-Prefix.pch";
				GCC_PREPROCESSOR_DEFINITIONS = (
					"DEBUG=1",
					"$(inherited)",
				);
				INFOPLIST_FILE = "Adler NavigationTests/Adler NavigationTests-Info.plist";
				PRODUCT_NAME = "$(TARGET_NAME)";
				TEST_HOST = "$(BUNDLE_LOADER)";
				WRAPPER_EXTENSION = xctest;
			};
			name = Debug;
		};
		30E50285183607E100BCDA41 /* Release */ = {
			isa = XCBuildConfiguration;
			buildSettings = {
				BUNDLE_LOADER = "$(BUILT_PRODUCTS_DIR)/Adler Navigation.app/Adler Navigation";
				FRAMEWORK_SEARCH_PATHS = (
					"$(SDKROOT)/Developer/Library/Frameworks",
					"$(inherited)",
					"$(DEVELOPER_FRAMEWORKS_DIR)",
				);
				GCC_PRECOMPILE_PREFIX_HEADER = YES;
				GCC_PREFIX_HEADER = "Adler Navigation/Adler Navigation-Prefix.pch";
				INFOPLIST_FILE = "Adler NavigationTests/Adler NavigationTests-Info.plist";
				PRODUCT_NAME = "$(TARGET_NAME)";
				TEST_HOST = "$(BUNDLE_LOADER)";
				WRAPPER_EXTENSION = xctest;
			};
			name = Release;
		};
/* End XCBuildConfiguration section */

/* Begin XCConfigurationList section */
		30E50249183607E100BCDA41 /* Build configuration list for PBXProject "Adler Navigation" */ = {
			isa = XCConfigurationList;
			buildConfigurations = (
				30E5027E183607E100BCDA41 /* Debug */,
				30E5027F183607E100BCDA41 /* Release */,
			);
			defaultConfigurationIsVisible = 0;
			defaultConfigurationName = Release;
		};
		30E50280183607E100BCDA41 /* Build configuration list for PBXNativeTarget "Adler Navigation" */ = {
			isa = XCConfigurationList;
			buildConfigurations = (
				30E50281183607E100BCDA41 /* Debug */,
				30E50282183607E100BCDA41 /* Release */,
			);
			defaultConfigurationIsVisible = 0;
			defaultConfigurationName = Release;
		};
		30E50283183607E100BCDA41 /* Build configuration list for PBXNativeTarget "Adler NavigationTests" */ = {
			isa = XCConfigurationList;
			buildConfigurations = (
				30E50284183607E100BCDA41 /* Debug */,
				30E50285183607E100BCDA41 /* Release */,
			);
			defaultConfigurationIsVisible = 0;
			defaultConfigurationName = Release;
		};
/* End XCConfigurationList section */

/* Begin XCVersionGroup section */
		30E50265183607E100BCDA41 /* Adler_Navigation.xcdatamodeld */ = {
			isa = XCVersionGroup;
			children = (
				30E50266183607E100BCDA41 /* Adler_Navigation.xcdatamodel */,
			);
			currentVersion = 30E50266183607E100BCDA41 /* Adler_Navigation.xcdatamodel */;
			path = Adler_Navigation.xcdatamodeld;
			sourceTree = "<group>";
			versionGroupType = wrapper.xcdatamodel;
		};
/* End XCVersionGroup section */
	};
	rootObject = 30E50246183607E100BCDA41 /* Project object */;
}
